
Microsoft Visual Studio Solution File, Format Version 12.00
# Visual Studio Version 17
VisualStudioVersion = 17.6.33815.320
MinimumVisualStudioVersion = 10.0.40219.1
Project("{FAE04EC0-301F-11D3-BF4B-00C04F79EFBC}") = "CautaSerial", "CautaSerial.csproj", "{0D2A508C-544A-4FBF-9E0C-AED0ABD56F7B}"
EndProject
Global
	GlobalSection(SolutionConfigurationPlatforms) = preSolution
		Debug|Any CPU = Debug|Any CPU
		Release|Any CPU = Release|Any CPU
	EndGlobalSection
	GlobalSection(ProjectConfigurationPlatforms) = postSolution
		{0D2A508C-544A-4FBF-9E0C-AED0ABD56F7B}.Debug|Any CPU.ActiveCfg = Debug|Any CPU
		{0D2A508C-544A-4FBF-9E0C-AED0ABD56F7B}.Debug|Any CPU.Build.0 = Debug|Any CPU
		{0D2A508C-544A-4FBF-9E0C-AED0ABD56F7B}.Release|Any CPU.ActiveCfg = Release|Any CPU
		{0D2A508C-544A-4FBF-9E0C-AED0ABD56F7B}.Release|Any CPU.Build.0 = Release|Any CPU
	EndGlobalSection
	GlobalSection(SolutionProperties) = preSolution
		HideSolutionNode = FALSE
	EndGlobalSection
	GlobalSection(ExtensibilityGlobals) = postSolution
		SolutionGuid = {23D4AC90-8A78-4193-B6DC-7691A27FBC9E}
	EndGlobalSection
EndGlobal
