
Microsoft Visual Studio Solution File, Format Version 12.00
# Visual Studio Version 17
VisualStudioVersion = 17.6.33801.468
MinimumVisualStudioVersion = 10.0.40219.1
Project("{FAE04EC0-301F-11D3-BF4B-00C04F79EFBC}") = "Aplicatia2", "Aplicatia2.csproj", "{B2DA12EA-17E7-47A0-A348-FA40E3E098D4}"
EndProject
Global
	GlobalSection(SolutionConfigurationPlatforms) = preSolution
		Debug|Any CPU = Debug|Any CPU
		Release|Any CPU = Release|Any CPU
	EndGlobalSection
	GlobalSection(ProjectConfigurationPlatforms) = postSolution
		{B2DA12EA-17E7-47A0-A348-FA40E3E098D4}.Debug|Any CPU.ActiveCfg = Debug|Any CPU
		{B2DA12EA-17E7-47A0-A348-FA40E3E098D4}.Debug|Any CPU.Build.0 = Debug|Any CPU
		{B2DA12EA-17E7-47A0-A348-FA40E3E098D4}.Release|Any CPU.ActiveCfg = Release|Any CPU
		{B2DA12EA-17E7-47A0-A348-FA40E3E098D4}.Release|Any CPU.Build.0 = Release|Any CPU
	EndGlobalSection
	GlobalSection(SolutionProperties) = preSolution
		HideSolutionNode = FALSE
	EndGlobalSection
	GlobalSection(ExtensibilityGlobals) = postSolution
		SolutionGuid = {72775724-03D7-4C9A-B2C8-96F46627EEA8}
	EndGlobalSection
EndGlobal
